
Microsoft Visual Studio Solution File, Format Version 12.00
# Visual Studio 2013
VisualStudioVersion = 12.0.40629.0
MinimumVisualStudioVersion = 10.0.40219.1
Project("{2150E333-8FDC-42A3-9474-1A3956D46DE8}") = "@Solution Items", "@Solution Items", "{E942AA64-1A87-4E87-AD6B-0C1778D0ED82}"
	ProjectSection(SolutionItems) = preProject
		ChangeLog.md = ChangeLog.md
		build\Plainion.Prism.nuspec = build\Plainion.Prism.nuspec
		README.md = README.md
		build\Targets.fsx = build\Targets.fsx
	EndProjectSection
EndProject
Project("{FAE04EC0-301F-11D3-BF4B-00C04F79EFBC}") = "Plainion.Prism", "src\Plainion.Prism\Plainion.Prism.csproj", "{838852B7-5A0C-4ACB-8436-DB2D581708CB}"
EndProject
Project("{FAE04EC0-301F-11D3-BF4B-00C04F79EFBC}") = "Plainion.Prism.Tests", "src\Plainion.Prism.Tests\Plainion.Prism.Tests.csproj", "{5BBD573F-3689-4A0E-BBB8-C6C7BA836509}"
EndProject
Project("{FAE04EC0-301F-11D3-BF4B-00C04F79EFBC}") = "Plainion.RI", "src\Plainion.RI\Plainion.RI.csproj", "{318B1687-68A2-4FE1-BDAD-52222617EA8A}"
EndProject
Global
	GlobalSection(SolutionConfigurationPlatforms) = preSolution
		Debug|Any CPU = Debug|Any CPU
		Release|Any CPU = Release|Any CPU
	EndGlobalSection
	GlobalSection(ProjectConfigurationPlatforms) = postSolution
		{838852B7-5A0C-4ACB-8436-DB2D581708CB}.Debug|Any CPU.ActiveCfg = Debug|Any CPU
		{838852B7-5A0C-4ACB-8436-DB2D581708CB}.Debug|Any CPU.Build.0 = Debug|Any CPU
		{838852B7-5A0C-4ACB-8436-DB2D581708CB}.Release|Any CPU.ActiveCfg = Release|Any CPU
		{838852B7-5A0C-4ACB-8436-DB2D581708CB}.Release|Any CPU.Build.0 = Release|Any CPU
		{5BBD573F-3689-4A0E-BBB8-C6C7BA836509}.Debug|Any CPU.ActiveCfg = Debug|Any CPU
		{5BBD573F-3689-4A0E-BBB8-C6C7BA836509}.Debug|Any CPU.Build.0 = Debug|Any CPU
		{5BBD573F-3689-4A0E-BBB8-C6C7BA836509}.Release|Any CPU.ActiveCfg = Release|Any CPU
		{5BBD573F-3689-4A0E-BBB8-C6C7BA836509}.Release|Any CPU.Build.0 = Release|Any CPU
		{318B1687-68A2-4FE1-BDAD-52222617EA8A}.Debug|Any CPU.ActiveCfg = Debug|Any CPU
		{318B1687-68A2-4FE1-BDAD-52222617EA8A}.Debug|Any CPU.Build.0 = Debug|Any CPU
		{318B1687-68A2-4FE1-BDAD-52222617EA8A}.Release|Any CPU.ActiveCfg = Release|Any CPU
		{318B1687-68A2-4FE1-BDAD-52222617EA8A}.Release|Any CPU.Build.0 = Release|Any CPU
	EndGlobalSection
	GlobalSection(SolutionProperties) = preSolution
		HideSolutionNode = FALSE
	EndGlobalSection
	GlobalSection(NestedProjects) = preSolution
		{838852B7-5A0C-4ACB-8436-DB2D581708CB} = {E942AA64-1A87-4E87-AD6B-0C1778D0ED82}
		{5BBD573F-3689-4A0E-BBB8-C6C7BA836509} = {E942AA64-1A87-4E87-AD6B-0C1778D0ED82}
		{318B1687-68A2-4FE1-BDAD-52222617EA8A} = {E942AA64-1A87-4E87-AD6B-0C1778D0ED82}
	EndGlobalSection
EndGlobal
